
Microsoft Visual Studio Solution File, Format Version 12.00
# Visual Studio 2015
Project("{8BC9CEB8-8B4A-11D0-8D11-00A0C91BC942}") = "lua53", "lua53\lua53.vcxproj", "{8F22E30F-FB36-0BC1-C4B8-AE20308C07F2}"
EndProject
Project("{8BC9CEB8-8B4A-11D0-8D11-00A0C91BC942}") = "netcore", "netcore\netcore.vcxproj", "{150B4A0B-81EA-C8A6-8A02-547DF6602F08}"
EndProject
Project("{8BC9CEB8-8B4A-11D0-8D11-00A0C91BC942}") = "moon", "moon\moon.vcxproj", "{BEBB9A7C-AAF2-9B0D-53DF-81103FF5170F}"
EndProject
Global
	GlobalSection(SolutionConfigurationPlatforms) = preSolution
		Debug|Win32 = Debug|Win32
		Debug|x64 = Debug|x64
		Release|Win32 = Release|Win32
		Release|x64 = Release|x64
	EndGlobalSection
	GlobalSection(ProjectConfigurationPlatforms) = postSolution
		{8F22E30F-FB36-0BC1-C4B8-AE20308C07F2}.Debug|Win32.ActiveCfg = Debug|Win32
		{8F22E30F-FB36-0BC1-C4B8-AE20308C07F2}.Debug|Win32.Build.0 = Debug|Win32
		{8F22E30F-FB36-0BC1-C4B8-AE20308C07F2}.Debug|x64.ActiveCfg = Debug|x64
		{8F22E30F-FB36-0BC1-C4B8-AE20308C07F2}.Debug|x64.Build.0 = Debug|x64
		{8F22E30F-FB36-0BC1-C4B8-AE20308C07F2}.Release|Win32.ActiveCfg = Release|Win32
		{8F22E30F-FB36-0BC1-C4B8-AE20308C07F2}.Release|Win32.Build.0 = Release|Win32
		{8F22E30F-FB36-0BC1-C4B8-AE20308C07F2}.Release|x64.ActiveCfg = Release|x64
		{8F22E30F-FB36-0BC1-C4B8-AE20308C07F2}.Release|x64.Build.0 = Release|x64
		{150B4A0B-81EA-C8A6-8A02-547DF6602F08}.Debug|Win32.ActiveCfg = Debug|Win32
		{150B4A0B-81EA-C8A6-8A02-547DF6602F08}.Debug|Win32.Build.0 = Debug|Win32
		{150B4A0B-81EA-C8A6-8A02-547DF6602F08}.Debug|x64.ActiveCfg = Debug|x64
		{150B4A0B-81EA-C8A6-8A02-547DF6602F08}.Debug|x64.Build.0 = Debug|x64
		{150B4A0B-81EA-C8A6-8A02-547DF6602F08}.Release|Win32.ActiveCfg = Release|Win32
		{150B4A0B-81EA-C8A6-8A02-547DF6602F08}.Release|Win32.Build.0 = Release|Win32
		{150B4A0B-81EA-C8A6-8A02-547DF6602F08}.Release|x64.ActiveCfg = Release|x64
		{150B4A0B-81EA-C8A6-8A02-547DF6602F08}.Release|x64.Build.0 = Release|x64
		{BEBB9A7C-AAF2-9B0D-53DF-81103FF5170F}.Debug|Win32.ActiveCfg = Debug|Win32
		{BEBB9A7C-AAF2-9B0D-53DF-81103FF5170F}.Debug|Win32.Build.0 = Debug|Win32
		{BEBB9A7C-AAF2-9B0D-53DF-81103FF5170F}.Debug|x64.ActiveCfg = Debug|x64
		{BEBB9A7C-AAF2-9B0D-53DF-81103FF5170F}.Debug|x64.Build.0 = Debug|x64
		{BEBB9A7C-AAF2-9B0D-53DF-81103FF5170F}.Release|Win32.ActiveCfg = Release|Win32
		{BEBB9A7C-AAF2-9B0D-53DF-81103FF5170F}.Release|Win32.Build.0 = Release|Win32
		{BEBB9A7C-AAF2-9B0D-53DF-81103FF5170F}.Release|x64.ActiveCfg = Release|x64
		{BEBB9A7C-AAF2-9B0D-53DF-81103FF5170F}.Release|x64.Build.0 = Release|x64
	EndGlobalSection
	GlobalSection(SolutionProperties) = preSolution
		HideSolutionNode = FALSE
	EndGlobalSection
EndGlobal
