<?xml version="1.0" encoding="utf-8"?>
<Project ToolsVersion="4.0" xmlns="http://schemas.microsoft.com/developer/msbuild/2003">
  <ItemGroup>
    <Filter Include="Common">
      <UniqueIdentifier>{8EEA3EAC-7A8C-6982-6347-7DD64F88F0D2}</UniqueIdentifier>
    </Filter>
    <Filter Include="Common\Aes">
      <UniqueIdentifier>{5669C82F-4221-0A7D-AB28-E3D897FFA46D}</UniqueIdentifier>
    </Filter>
    <Filter Include="Common\Timer">
      <UniqueIdentifier>{DE0DE244-CA70-71E9-73F6-A99F5F383D6C}</UniqueIdentifier>
    </Filter>
    <Filter Include="Detail">
      <UniqueIdentifier>{F8C0E2AD-E462-0D84-CD1D-21D8B95E94D4}</UniqueIdentifier>
    </Filter>
    <Filter Include="Detail\Log">
      <UniqueIdentifier>{C994E572-B54C-27C0-1E54-001C0A2BC2B0}</UniqueIdentifier>
    </Filter>
    <Filter Include="Detail\Module">
      <UniqueIdentifier>{ADCFB018-1990-2C4F-E2CA-75CC4E4A712B}</UniqueIdentifier>
    </Filter>
    <Filter Include="Detail\Network">
      <UniqueIdentifier>{711B9465-5DE9-876B-467D-F89132EA63D0}</UniqueIdentifier>
    </Filter>
  </ItemGroup>
  <ItemGroup>
    <ClInclude Include="..\..\Frame\Common\Aes\AesHelper.hpp">
      <Filter>Common\Aes</Filter>
    </ClInclude>
    <ClInclude Include="..\..\Frame\Common\Aes\aes.h">
      <Filter>Common\Aes</Filter>
    </ClInclude>
    <ClInclude Include="..\..\Frame\Common\AsyncEvent.hpp">
      <Filter>Common</Filter>
    </ClInclude>
    <ClInclude Include="..\..\Frame\Common\BinaryReader.hpp">
      <Filter>Common</Filter>
    </ClInclude>
    <ClInclude Include="..\..\Frame\Common\BinaryWriter.hpp">
      <Filter>Common</Filter>
    </ClInclude>
    <ClInclude Include="..\..\Frame\Common\File.hpp">
      <Filter>Common</Filter>
    </ClInclude>
    <ClInclude Include="..\..\Frame\Common\LoopThread.hpp">
      <Filter>Common</Filter>
    </ClInclude>
    <ClInclude Include="..\..\Frame\Common\MemoryStream.hpp">
      <Filter>Common</Filter>
    </ClInclude>
    <ClInclude Include="..\..\Frame\Common\Path.hpp">
      <Filter>Common</Filter>
    </ClInclude>
    <ClInclude Include="..\..\Frame\Common\StringUtils.hpp">
      <Filter>Common</Filter>
    </ClInclude>
    <ClInclude Include="..\..\Frame\Common\SyncQueue.hpp">
      <Filter>Common</Filter>
    </ClInclude>
    <ClInclude Include="..\..\Frame\Common\Time.hpp">
      <Filter>Common</Filter>
    </ClInclude>
    <ClInclude Include="..\..\Frame\Common\Timer\TimerContext.hpp">
      <Filter>Common\Timer</Filter>
    </ClInclude>
    <ClInclude Include="..\..\Frame\Common\Timer\TimerPool.h">
      <Filter>Common\Timer</Filter>
    </ClInclude>
    <ClInclude Include="..\..\Frame\Common\Timer\TimerWheel.hpp">
      <Filter>Common\Timer</Filter>
    </ClInclude>
    <ClInclude Include="..\..\Frame\Common\TupleUtils.hpp">
      <Filter>Common</Filter>
    </ClInclude>
    <ClInclude Include="..\..\Frame\Common\noncopyable.hpp">
      <Filter>Common</Filter>
    </ClInclude>
    <ClInclude Include="..\..\Frame\Component.h" />
    <ClInclude Include="..\..\Frame\Detail\Log\Log.h">
      <Filter>Detail\Log</Filter>
    </ClInclude>
    <ClInclude Include="..\..\Frame\Detail\Module\Worker.h">
      <Filter>Detail\Module</Filter>
    </ClInclude>
    <ClInclude Include="..\..\Frame\Detail\Network\NetworkDefine.h">
      <Filter>Detail\Network</Filter>
    </ClInclude>
    <ClInclude Include="..\..\Frame\Detail\Network\NetworkFrame.h">
      <Filter>Detail\Network</Filter>
    </ClInclude>
    <ClInclude Include="..\..\Frame\Detail\Network\NetworkService.h">
      <Filter>Detail\Network</Filter>
    </ClInclude>
    <ClInclude Include="..\..\Frame\Detail\Network\NetworkServiceHandle.h">
      <Filter>Detail\Network</Filter>
    </ClInclude>
    <ClInclude Include="..\..\Frame\Detail\Network\NetworkServicePool.h">
      <Filter>Detail\Network</Filter>
    </ClInclude>
    <ClInclude Include="..\..\Frame\Detail\Network\Session.h">
      <Filter>Detail\Network</Filter>
    </ClInclude>
    <ClInclude Include="..\..\Frame\MacroDefine.h" />
    <ClInclude Include="..\..\Frame\Message.h" />
    <ClInclude Include="..\..\Frame\Module.h" />
    <ClInclude Include="..\..\Frame\ModuleManager.h" />
    <ClInclude Include="..\..\Frame\Network.h" />
    <ClInclude Include="..\..\Frame\ObjectCreateHelper.h" />
    <ClInclude Include="..\..\Frame\PlatformConfig.h" />
  </ItemGroup>
  <ItemGroup>
    <ClCompile Include="..\..\Frame\Common\Aes\aes.cpp">
      <Filter>Common\Aes</Filter>
    </ClCompile>
    <ClCompile Include="..\..\Frame\Common\Timer\TimerPool.cpp">
      <Filter>Common\Timer</Filter>
    </ClCompile>
    <ClCompile Include="..\..\Frame\Detail\Log\Log.cpp">
      <Filter>Detail\Log</Filter>
    </ClCompile>
    <ClCompile Include="..\..\Frame\Detail\Module\Message.cpp">
      <Filter>Detail\Module</Filter>
    </ClCompile>
    <ClCompile Include="..\..\Frame\Detail\Module\Module.cpp">
      <Filter>Detail\Module</Filter>
    </ClCompile>
    <ClCompile Include="..\..\Frame\Detail\Module\ModuleManager.cpp">
      <Filter>Detail\Module</Filter>
    </ClCompile>
    <ClCompile Include="..\..\Frame\Detail\Module\Network.cpp">
      <Filter>Detail\Module</Filter>
    </ClCompile>
    <ClCompile Include="..\..\Frame\Detail\Module\Worker.cpp">
      <Filter>Detail\Module</Filter>
    </ClCompile>
    <ClCompile Include="..\..\Frame\Detail\Network\NetworkFrame.cpp">
      <Filter>Detail\Network</Filter>
    </ClCompile>
    <ClCompile Include="..\..\Frame\Detail\Network\NetworkService.cpp">
      <Filter>Detail\Network</Filter>
    </ClCompile>
    <ClCompile Include="..\..\Frame\Detail\Network\NetworkServicePool.cpp">
      <Filter>Detail\Network</Filter>
    </ClCompile>
    <ClCompile Include="..\..\Frame\Detail\Network\Session.cpp">
      <Filter>Detail\Network</Filter>
    </ClCompile>
  </ItemGroup>
</Project>