<?xml version="1.0" encoding="utf-8"?>
<Project ToolsVersion="4.0" xmlns="http://schemas.microsoft.com/developer/msbuild/2003">
  <ItemGroup>
    <Filter Include="common">
      <UniqueIdentifier>{AEFEE3F6-9AA0-0ECD-835B-22216F9C951D}</UniqueIdentifier>
    </Filter>
    <Filter Include="detail">
      <UniqueIdentifier>{18D587F8-0477-B2CE-ED31-C622D972391F}</UniqueIdentifier>
    </Filter>
  </ItemGroup>
  <ItemGroup>
    <ClInclude Include="..\..\xnet\common\async_event.hpp">
      <Filter>common</Filter>
    </ClInclude>
    <ClInclude Include="..\..\xnet\common\buffer.hpp">
      <Filter>common</Filter>
    </ClInclude>
    <ClInclude Include="..\..\xnet\common\buffer_reader.hpp">
      <Filter>common</Filter>
    </ClInclude>
    <ClInclude Include="..\..\xnet\common\buffer_writer.hpp">
      <Filter>common</Filter>
    </ClInclude>
    <ClInclude Include="..\..\xnet\common\file.hpp">
      <Filter>common</Filter>
    </ClInclude>
    <ClInclude Include="..\..\xnet\common\hash.hpp">
      <Filter>common</Filter>
    </ClInclude>
    <ClInclude Include="..\..\xnet\common\loop_thread.hpp">
      <Filter>common</Filter>
    </ClInclude>
    <ClInclude Include="..\..\xnet\common\noncopyable.hpp">
      <Filter>common</Filter>
    </ClInclude>
    <ClInclude Include="..\..\xnet\common\path.hpp">
      <Filter>common</Filter>
    </ClInclude>
    <ClInclude Include="..\..\xnet\common\singleton.hpp">
      <Filter>common</Filter>
    </ClInclude>
    <ClInclude Include="..\..\xnet\common\string.hpp">
      <Filter>common</Filter>
    </ClInclude>
    <ClInclude Include="..\..\xnet\common\sync_queue.hpp">
      <Filter>common</Filter>
    </ClInclude>
    <ClInclude Include="..\..\xnet\common\time.hpp">
      <Filter>common</Filter>
    </ClInclude>
    <ClInclude Include="..\..\xnet\common\type_traits.hpp">
      <Filter>common</Filter>
    </ClInclude>
    <ClInclude Include="..\..\xnet\config.h" />
    <ClInclude Include="..\..\xnet\detail\client_http.hpp">
      <Filter>detail</Filter>
    </ClInclude>
    <ClInclude Include="..\..\xnet\detail\io_service_pool.h">
      <Filter>detail</Filter>
    </ClInclude>
    <ClInclude Include="..\..\xnet\detail\io_worker.h">
      <Filter>detail</Filter>
    </ClInclude>
    <ClInclude Include="..\..\xnet\detail\network.h">
      <Filter>detail</Filter>
    </ClInclude>
    <ClInclude Include="..\..\xnet\detail\service_worker.h">
      <Filter>detail</Filter>
    </ClInclude>
    <ClInclude Include="..\..\xnet\detail\session.h">
      <Filter>detail</Filter>
    </ClInclude>
    <ClInclude Include="..\..\xnet\detail\timer_context.hpp">
      <Filter>detail</Filter>
    </ClInclude>
    <ClInclude Include="..\..\xnet\detail\timer_wheel.hpp">
      <Filter>detail</Filter>
    </ClInclude>
    <ClInclude Include="..\..\xnet\error.hpp" />
    <ClInclude Include="..\..\xnet\http_client.h" />
    <ClInclude Include="..\..\xnet\log.h" />
    <ClInclude Include="..\..\xnet\macro_define.h" />
    <ClInclude Include="..\..\xnet\message.h" />
    <ClInclude Include="..\..\xnet\platform_define.h" />
    <ClInclude Include="..\..\xnet\service.h" />
    <ClInclude Include="..\..\xnet\service_pool.h" />
    <ClInclude Include="..\..\xnet\timer.h" />
  </ItemGroup>
  <ItemGroup>
    <ClCompile Include="..\..\xnet\detail\http_client.cpp">
      <Filter>detail</Filter>
    </ClCompile>
    <ClCompile Include="..\..\xnet\detail\io_service_pool.cpp">
      <Filter>detail</Filter>
    </ClCompile>
    <ClCompile Include="..\..\xnet\detail\io_worker.cpp">
      <Filter>detail</Filter>
    </ClCompile>
    <ClCompile Include="..\..\xnet\detail\log.cpp">
      <Filter>detail</Filter>
    </ClCompile>
    <ClCompile Include="..\..\xnet\detail\message.cpp">
      <Filter>detail</Filter>
    </ClCompile>
    <ClCompile Include="..\..\xnet\detail\network.cpp">
      <Filter>detail</Filter>
    </ClCompile>
    <ClCompile Include="..\..\xnet\detail\service.cpp">
      <Filter>detail</Filter>
    </ClCompile>
    <ClCompile Include="..\..\xnet\detail\service_pool.cpp">
      <Filter>detail</Filter>
    </ClCompile>
    <ClCompile Include="..\..\xnet\detail\service_worker.cpp">
      <Filter>detail</Filter>
    </ClCompile>
    <ClCompile Include="..\..\xnet\detail\session.cpp">
      <Filter>detail</Filter>
    </ClCompile>
    <ClCompile Include="..\..\xnet\detail\timer.cpp">
      <Filter>detail</Filter>
    </ClCompile>
  </ItemGroup>
</Project>