<?xml version="1.0" encoding="utf-8"?>
<Project ToolsVersion="4.0" xmlns="http://schemas.microsoft.com/developer/msbuild/2003">
  <ItemGroup>
    <Filter Include="common">
      <UniqueIdentifier>{AEFEE3F6-9AA0-0ECD-835B-22216F9C951D}</UniqueIdentifier>
    </Filter>
    <Filter Include="components">
      <UniqueIdentifier>{8BA12798-7759-69E5-E060-4241CC3704D6}</UniqueIdentifier>
    </Filter>
    <Filter Include="components\http">
      <UniqueIdentifier>{5AD4DE9E-C65F-4C63-CF70-CF573B7BA863}</UniqueIdentifier>
    </Filter>
    <Filter Include="components\http\impl">
      <UniqueIdentifier>{9B8EC1F4-871D-4BBE-303C-5FB91CAA5B64}</UniqueIdentifier>
    </Filter>
    <Filter Include="components\tcp">
      <UniqueIdentifier>{812FFFBE-6DFD-F2C4-5691-63EB42FECE29}</UniqueIdentifier>
    </Filter>
    <Filter Include="components\tcp\impl">
      <UniqueIdentifier>{22FA4BC9-8E5B-29D7-17C9-6F8983296096}</UniqueIdentifier>
    </Filter>
    <Filter Include="components\timer">
      <UniqueIdentifier>{BB5E8C7B-A757-ABCD-D089-9052BCE18AD9}</UniqueIdentifier>
    </Filter>
    <Filter Include="components\timer\impl">
      <UniqueIdentifier>{9CBDB98F-082A-758A-D11D-0DE83D4997F2}</UniqueIdentifier>
    </Filter>
    <Filter Include="core">
      <UniqueIdentifier>{4E40957C-3A77-960D-E363-7C10CF79120F}</UniqueIdentifier>
    </Filter>
  </ItemGroup>
  <ItemGroup>
    <ClInclude Include="..\..\netcore\common\async_event.hpp">
      <Filter>common</Filter>
    </ClInclude>
    <ClInclude Include="..\..\netcore\common\buffer.hpp">
      <Filter>common</Filter>
    </ClInclude>
    <ClInclude Include="..\..\netcore\common\buffer_reader.hpp">
      <Filter>common</Filter>
    </ClInclude>
    <ClInclude Include="..\..\netcore\common\buffer_writer.hpp">
      <Filter>common</Filter>
    </ClInclude>
    <ClInclude Include="..\..\netcore\common\file.hpp">
      <Filter>common</Filter>
    </ClInclude>
    <ClInclude Include="..\..\netcore\common\hash.hpp">
      <Filter>common</Filter>
    </ClInclude>
    <ClInclude Include="..\..\netcore\common\loop_thread.hpp">
      <Filter>common</Filter>
    </ClInclude>
    <ClInclude Include="..\..\netcore\common\noncopyable.hpp">
      <Filter>common</Filter>
    </ClInclude>
    <ClInclude Include="..\..\netcore\common\path.hpp">
      <Filter>common</Filter>
    </ClInclude>
    <ClInclude Include="..\..\netcore\common\string.hpp">
      <Filter>common</Filter>
    </ClInclude>
    <ClInclude Include="..\..\netcore\common\sync_queue.hpp">
      <Filter>common</Filter>
    </ClInclude>
    <ClInclude Include="..\..\netcore\common\time.hpp">
      <Filter>common</Filter>
    </ClInclude>
    <ClInclude Include="..\..\netcore\common\type_traits.hpp">
      <Filter>common</Filter>
    </ClInclude>
    <ClInclude Include="..\..\netcore\component.h" />
    <ClInclude Include="..\..\netcore\components\http\http_client.h">
      <Filter>components\http</Filter>
    </ClInclude>
    <ClInclude Include="..\..\netcore\components\http\impl\client_http.hpp">
      <Filter>components\http\impl</Filter>
    </ClInclude>
    <ClInclude Include="..\..\netcore\components\tcp\impl\handler_alloc.hpp">
      <Filter>components\tcp\impl</Filter>
    </ClInclude>
    <ClInclude Include="..\..\netcore\components\tcp\impl\io_service_pool.h">
      <Filter>components\tcp\impl</Filter>
    </ClInclude>
    <ClInclude Include="..\..\netcore\components\tcp\impl\io_worker.h">
      <Filter>components\tcp\impl</Filter>
    </ClInclude>
    <ClInclude Include="..\..\netcore\components\tcp\impl\session.h">
      <Filter>components\tcp\impl</Filter>
    </ClInclude>
    <ClInclude Include="..\..\netcore\components\tcp\network.h">
      <Filter>components\tcp</Filter>
    </ClInclude>
    <ClInclude Include="..\..\netcore\components\timer\impl\timer_context.hpp">
      <Filter>components\timer\impl</Filter>
    </ClInclude>
    <ClInclude Include="..\..\netcore\components\timer\impl\timer_wheel.hpp">
      <Filter>components\timer\impl</Filter>
    </ClInclude>
    <ClInclude Include="..\..\netcore\components\timer\timer.h">
      <Filter>components\timer</Filter>
    </ClInclude>
    <ClInclude Include="..\..\netcore\config.h" />
    <ClInclude Include="..\..\netcore\core\service_worker.h">
      <Filter>core</Filter>
    </ClInclude>
    <ClInclude Include="..\..\netcore\log.h" />
    <ClInclude Include="..\..\netcore\macro_define.h" />
    <ClInclude Include="..\..\netcore\message.h" />
    <ClInclude Include="..\..\netcore\platform_define.h" />
    <ClInclude Include="..\..\netcore\service.h" />
    <ClInclude Include="..\..\netcore\service_pool.h" />
  </ItemGroup>
  <ItemGroup>
    <ClCompile Include="..\..\netcore\components\http\impl\http_client.cpp">
      <Filter>components\http\impl</Filter>
    </ClCompile>
    <ClCompile Include="..\..\netcore\components\tcp\impl\io_service_pool.cpp">
      <Filter>components\tcp\impl</Filter>
    </ClCompile>
    <ClCompile Include="..\..\netcore\components\tcp\impl\io_worker.cpp">
      <Filter>components\tcp\impl</Filter>
    </ClCompile>
    <ClCompile Include="..\..\netcore\components\tcp\impl\network.cpp">
      <Filter>components\tcp\impl</Filter>
    </ClCompile>
    <ClCompile Include="..\..\netcore\components\tcp\impl\session.cpp">
      <Filter>components\tcp\impl</Filter>
    </ClCompile>
    <ClCompile Include="..\..\netcore\components\timer\impl\timer.cpp">
      <Filter>components\timer\impl</Filter>
    </ClCompile>
    <ClCompile Include="..\..\netcore\core\component.cpp">
      <Filter>core</Filter>
    </ClCompile>
    <ClCompile Include="..\..\netcore\core\log.cpp">
      <Filter>core</Filter>
    </ClCompile>
    <ClCompile Include="..\..\netcore\core\message.cpp">
      <Filter>core</Filter>
    </ClCompile>
    <ClCompile Include="..\..\netcore\core\service.cpp">
      <Filter>core</Filter>
    </ClCompile>
    <ClCompile Include="..\..\netcore\core\service_pool.cpp">
      <Filter>core</Filter>
    </ClCompile>
    <ClCompile Include="..\..\netcore\core\service_worker.cpp">
      <Filter>core</Filter>
    </ClCompile>
  </ItemGroup>
</Project>